
Microsoft Visual Studio Solution File, Format Version 12.00
# Visual Studio Version 16
VisualStudioVersion = 16.0.30406.217
MinimumVisualStudioVersion = 10.0.40219.1
Project("{FAE04EC0-301F-11D3-BF4B-00C04F79EFBC}") = "LAX_AS_WPF", "LAX_AS_WPF\LAX_AS_WPF.csproj", "{161DE1C3-EF9E-4FE4-B644-2AB645ABC669}"
EndProject
Global
	GlobalSection(SolutionConfigurationPlatforms) = preSolution
		Debug|Any CPU = Debug|Any CPU
		Release|Any CPU = Release|Any CPU
	EndGlobalSection
	GlobalSection(ProjectConfigurationPlatforms) = postSolution
		{161DE1C3-EF9E-4FE4-B644-2AB645ABC669}.Debug|Any CPU.ActiveCfg = Debug|Any CPU
		{161DE1C3-EF9E-4FE4-B644-2AB645ABC669}.Debug|Any CPU.Build.0 = Debug|Any CPU
		{161DE1C3-EF9E-4FE4-B644-2AB645ABC669}.Release|Any CPU.ActiveCfg = Release|Any CPU
		{161DE1C3-EF9E-4FE4-B644-2AB645ABC669}.Release|Any CPU.Build.0 = Release|Any CPU
	EndGlobalSection
	GlobalSection(SolutionProperties) = preSolution
		HideSolutionNode = FALSE
	EndGlobalSection
	GlobalSection(ExtensibilityGlobals) = postSolution
		SolutionGuid = {371C5B66-A98B-4438-816F-FDC72DA3D91F}
	EndGlobalSection
EndGlobal
